{
  "originHash" : "e42f4db9e212b6b8fa084f155e53b188425638711bfa55292351729fb371edbe",
  "pins" : [
    {
      "identity" : "swift-asn1",
      "kind" : "remoteSourceControl",
      "location" : "https://github.com/apple/swift-asn1.git",
      "state" : {
        "revision" : "a9a5efd40eaf558a2bcd48d64b1d1646be686008",
        "version" : "1.7.1"
      }
    },
    {
      "identity" : "swift-collections",
      "kind" : "remoteSourceControl",
      "location" : "https://github.com/apple/swift-collections",
      "state" : {
        "revision" : "a0cb0954ecb21e4e31b0070e6ed5674e8556685a",
        "version" : "1.6.0"
      }
    },
    {
      "identity" : "swift-crypto",
      "kind" : "remoteSourceControl",
      "location" : "https://github.com/apple/swift-crypto",
      "state" : {
        "revision" : "47d3869a7291f085c1fb9fb1e6d3b97a793f45c6",
        "version" : "4.5.1"
      }
    },
    {
      "identity" : "swift-http-types",
      "kind" : "remoteSourceControl",
      "location" : "https://github.com/apple/swift-http-types",
      "state" : {
        "revision" : "db774a277f60063a32d854f2980299caf06da041",
        "version" : "1.6.0"
      }
    },
    {
      "identity" : "swift-openapi-runtime",
      "kind" : "remoteSourceControl",
      "location" : "https://github.com/apple/swift-openapi-runtime",
      "state" : {
        "revision" : "3d3a8457661daf7fb260ceeb9f0e24e5204ba5fb",
        "version" : "1.12.0"
      }
    },
    {
      "identity" : "swift-openapi-urlsession",
      "kind" : "remoteSourceControl",
      "location" : "https://github.com/apple/swift-openapi-urlsession",
      "state" : {
        "revision" : "576a65b4ffb8c12ddad4950dc21eea2ef071bec2",
        "version" : "1.3.0"
      }
    }
  ],
  "version" : 3
}
